// !$*UTF8*$!
{
	archiveVersion = 1;
	classes = {
	};
	objectVersion = 56;
	objects = {

/* Begin PBXBuildFile section */
		042EBAD8294E40DC00731DAA /* AppDelegate.swift in Sources */ = {isa = PBXBuildFile; fileRef = 042EBAD7294E40DC00731DAA /* AppDelegate.swift */; };
		042EBADA294E40DC00731DAA /* SceneDelegate.swift in Sources */ = {isa = PBXBuildFile; fileRef = 042EBAD9294E40DC00731DAA /* SceneDelegate.swift */; };
		042EBADC294E40DC00731DAA /* ViewController.swift in Sources */ = {isa = PBXBuildFile; fileRef = 042EBADB294E40DC00731DAA /* ViewController.swift */; };
		042EBADF294E40DC00731DAA /* Main.storyboard in Resources */ = {isa = PBXBuildFile; fileRef = 042EBADD294E40DC00731DAA /* Main.storyboard */; };
		042EBAE1294E40E200731DAA /* Assets.xcassets in Resources */ = {isa = PBXBuildFile; fileRef = 042EBAE0294E40E200731DAA /* Assets.xcassets */; };
		042EBAE4294E40E200731DAA /* LaunchScreen.storyboard in Resources */ = {isa = PBXBuildFile; fileRef = 042EBAE2294E40E200731DAA /* LaunchScreen.storyboard */; };
		042EBAED294E411900731DAA /* FirstTableViewCell.swift in Sources */ = {isa = PBXBuildFile; fileRef = 042EBAEC294E411900731DAA /* FirstTableViewCell.swift */; };
		042EBAEF294E417600731DAA /* FirstViewController.swift in Sources */ = {isa = PBXBuildFile; fileRef = 042EBAEE294E417600731DAA /* FirstViewController.swift */; };
		042EBAF1294E418D00731DAA /* model.swift in Sources */ = {isa = PBXBuildFile; fileRef = 042EBAF0294E418D00731DAA /* model.swift */; };
		04FE42E22957714A00A31EC2 /* MessageViewController.swift in Sources */ = {isa = PBXBuildFile; fileRef = 04FE42E12957714A00A31EC2 /* MessageViewController.swift */; };
		04FE42E42957715C00A31EC2 /* SendViewController.swift in Sources */ = {isa = PBXBuildFile; fileRef = 04FE42E32957715C00A31EC2 /* SendViewController.swift */; };
/* End PBXBuildFile section */

/* Begin PBXFileReference section */
		042EBAD4294E40DC00731DAA /* 17.12 vazifa.app */ = {isa = PBXFileReference; explicitFileType = wrapper.application; includeInIndex = 0; path = "17.12 vazifa.app"; sourceTree = BUILT_PRODUCTS_DIR; };
		042EBAD7294E40DC00731DAA /* AppDelegate.swift */ = {isa = PBXFileReference; lastKnownFileType = sourcecode.swift; path = AppDelegate.swift; sourceTree = "<group>"; };
		042EBAD9294E40DC00731DAA /* SceneDelegate.swift */ = {isa = PBXFileReference; lastKnownFileType = sourcecode.swift; path = SceneDelegate.swift; sourceTree = "<group>"; };
		042EBADB294E40DC00731DAA /* ViewController.swift */ = {isa = PBXFileReference; lastKnownFileType = sourcecode.swift; path = ViewController.swift; sourceTree = "<group>"; };
		042EBADE294E40DC00731DAA /* Base */ = {isa = PBXFileReference; lastKnownFileType = file.storyboard; name = Base; path = Base.lproj/Main.storyboard; sourceTree = "<group>"; };
		042EBAE0294E40E200731DAA /* Assets.xcassets */ = {isa = PBXFileReference; lastKnownFileType = folder.assetcatalog; path = Assets.xcassets; sourceTree = "<group>"; };
		042EBAE3294E40E200731DAA /* Base */ = {isa = PBXFileReference; lastKnownFileType = file.storyboard; name = Base; path = Base.lproj/LaunchScreen.storyboard; sourceTree = "<group>"; };
		042EBAE5294E40E200731DAA /* Info.plist */ = {isa = PBXFileReference; lastKnownFileType = text.plist.xml; path = Info.plist; sourceTree = "<group>"; };
		042EBAEC294E411900731DAA /* FirstTableViewCell.swift */ = {isa = PBXFileReference; lastKnownFileType = sourcecode.swift; path = FirstTableViewCell.swift; sourceTree = "<group>"; };
		042EBAEE294E417600731DAA /* FirstViewController.swift */ = {isa = PBXFileReference; lastKnownFileType = sourcecode.swift; path = FirstViewController.swift; sourceTree = "<group>"; };
		042EBAF0294E418D00731DAA /* model.swift */ = {isa = PBXFileReference; lastKnownFileType = sourcecode.swift; path = model.swift; sourceTree = "<group>"; };
		04FE42E12957714A00A31EC2 /* MessageViewController.swift */ = {isa = PBXFileReference; lastKnownFileType = sourcecode.swift; name = MessageViewController.swift; path = "17.12 vazifa/extrapages/MessageViewController.swift"; sourceTree = SOURCE_ROOT; };
		04FE42E32957715C00A31EC2 /* SendViewController.swift */ = {isa = PBXFileReference; lastKnownFileType = sourcecode.swift; path = SendViewController.swift; sourceTree = "<group>"; };
/* End PBXFileReference section */

/* Begin PBXFrameworksBuildPhase section */
		042EBAD1294E40DC00731DAA /* Frameworks */ = {
			isa = PBXFrameworksBuildPhase;
			buildActionMask = 2147483647;
			files = (
			);
			runOnlyForDeploymentPostprocessing = 0;
		};
/* End PBXFrameworksBuildPhase section */

/* Begin PBXGroup section */
		042EBACB294E40DC00731DAA = {
			isa = PBXGroup;
			children = (
				042EBAD6294E40DC00731DAA /* 17.12 vazifa */,
				042EBAD5294E40DC00731DAA /* Products */,
			);
			sourceTree = "<group>";
		};
		042EBAD5294E40DC00731DAA /* Products */ = {
			isa = PBXGroup;
			children = (
				042EBAD4294E40DC00731DAA /* 17.12 vazifa.app */,
			);
			name = Products;
			sourceTree = "<group>";
		};
		042EBAD6294E40DC00731DAA /* 17.12 vazifa */ = {
			isa = PBXGroup;
			children = (
				04FE42E52957717000A31EC2 /* extrapages */,
				04FE42E02957711A00A31EC2 /* utilities */,
				042EBAEB294E40FB00731DAA /* program */,
				042EBAE5294E40E200731DAA /* Info.plist */,
			);
			path = "17.12 vazifa";
			sourceTree = "<group>";
		};
		042EBAEB294E40FB00731DAA /* program */ = {
			isa = PBXGroup;
			children = (
				042EBAEE294E417600731DAA /* FirstViewController.swift */,
				04FE42E32957715C00A31EC2 /* SendViewController.swift */,
			);
			path = program;
			sourceTree = "<group>";
		};
		04FE42E02957711A00A31EC2 /* utilities */ = {
			isa = PBXGroup;
			children = (
				042EBAD7294E40DC00731DAA /* AppDelegate.swift */,
				042EBAD9294E40DC00731DAA /* SceneDelegate.swift */,
				042EBADB294E40DC00731DAA /* ViewController.swift */,
				042EBADD294E40DC00731DAA /* Main.storyboard */,
				042EBAE0294E40E200731DAA /* Assets.xcassets */,
				042EBAE2294E40E200731DAA /* LaunchScreen.storyboard */,
			);
			path = utilities;
			sourceTree = "<group>";
		};
		04FE42E52957717000A31EC2 /* extrapages */ = {
			isa = PBXGroup;
			children = (
				04FE42E12957714A00A31EC2 /* MessageViewController.swift */,
				042EBAEC294E411900731DAA /* FirstTableViewCell.swift */,
				042EBAF0294E418D00731DAA /* model.swift */,
			);
			path = extrapages;
			sourceTree = "<group>";
		};
/* End PBXGroup section */

/* Begin PBXNativeTarget section */
		042EBAD3294E40DC00731DAA /* 17.12 vazifa */ = {
			isa = PBXNativeTarget;
			buildConfigurationList = 042EBAE8294E40E200731DAA /* Build configuration list for PBXNativeTarget "17.12 vazifa" */;
			buildPhases = (
				042EBAD0294E40DC00731DAA /* Sources */,
				042EBAD1294E40DC00731DAA /* Frameworks */,
				042EBAD2294E40DC00731DAA /* Resources */,
			);
			buildRules = (
			);
			dependencies = (
			);
			name = "17.12 vazifa";
			productName = "17.12 vazifa";
			productReference = 042EBAD4294E40DC00731DAA /* 17.12 vazifa.app */;
			productType = "com.apple.product-type.application";
		};
/* End PBXNativeTarget section */

/* Begin PBXProject section */
		042EBACC294E40DC00731DAA /* Project object */ = {
			isa = PBXProject;
			attributes = {
				BuildIndependentTargetsInParallel = 1;
				LastSwiftUpdateCheck = 1410;
				LastUpgradeCheck = 1410;
				TargetAttributes = {
					042EBAD3294E40DC00731DAA = {
						CreatedOnToolsVersion = 14.1;
					};
				};
			};
			buildConfigurationList = 042EBACF294E40DC00731DAA /* Build configuration list for PBXProject "17.12 vazifa" */;
			compatibilityVersion = "Xcode 14.0";
			developmentRegion = en;
			hasScannedForEncodings = 0;
			knownRegions = (
				en,
				Base,
			);
			mainGroup = 042EBACB294E40DC00731DAA;
			productRefGroup = 042EBAD5294E40DC00731DAA /* Products */;
			projectDirPath = "";
			projectRoot = "";
			targets = (
				042EBAD3294E40DC00731DAA /* 17.12 vazifa */,
			);
		};
/* End PBXProject section */

/* Begin PBXResourcesBuildPhase section */
		042EBAD2294E40DC00731DAA /* Resources */ = {
			isa = PBXResourcesBuildPhase;
			buildActionMask = 2147483647;
			files = (
				042EBAE4294E40E200731DAA /* LaunchScreen.storyboard in Resources */,
				042EBAE1294E40E200731DAA /* Assets.xcassets in Resources */,
				042EBADF294E40DC00731DAA /* Main.storyboard in Resources */,
			);
			runOnlyForDeploymentPostprocessing = 0;
		};
/* End PBXResourcesBuildPhase section */

/* Begin PBXSourcesBuildPhase section */
		042EBAD0294E40DC00731DAA /* Sources */ = {
			isa = PBXSourcesBuildPhase;
			buildActionMask = 2147483647;
			files = (
				042EBAEF294E417600731DAA /* FirstViewController.swift in Sources */,
				042EBAF1294E418D00731DAA /* model.swift in Sources */,
				042EBADC294E40DC00731DAA /* ViewController.swift in Sources */,
				042EBAD8294E40DC00731DAA /* AppDelegate.swift in Sources */,
				04FE42E42957715C00A31EC2 /* SendViewController.swift in Sources */,
				042EBAED294E411900731DAA /* FirstTableViewCell.swift in Sources */,
				042EBADA294E40DC00731DAA /* SceneDelegate.swift in Sources */,
				04FE42E22957714A00A31EC2 /* MessageViewController.swift in Sources */,
			);
			runOnlyForDeploymentPostprocessing = 0;
		};
/* End PBXSourcesBuildPhase section */

/* Begin PBXVariantGroup section */
		042EBADD294E40DC00731DAA /* Main.storyboard */ = {
			isa = PBXVariantGroup;
			children = (
				042EBADE294E40DC00731DAA /* Base */,
			);
			name = Main.storyboard;
			sourceTree = "<group>";
		};
		042EBAE2294E40E200731DAA /* LaunchScreen.storyboard */ = {
			isa = PBXVariantGroup;
			children = (
				042EBAE3294E40E200731DAA /* Base */,
			);
			name = LaunchScreen.storyboard;
			sourceTree = "<group>";
		};
/* End PBXVariantGroup section */

/* Begin XCBuildConfiguration section */
		042EBAE6294E40E200731DAA /* Debug */ = {
			isa = XCBuildConfiguration;
			buildSettings = {
				ALWAYS_SEARCH_USER_PATHS = NO;
				CLANG_ANALYZER_NONNULL = YES;
				CLANG_ANALYZER_NUMBER_OBJECT_CONVERSION = YES_AGGRESSIVE;
				CLANG_CXX_LANGUAGE_STANDARD = "gnu++20";
				CLANG_ENABLE_MODULES = YES;
				CLANG_ENABLE_OBJC_ARC = YES;
				CLANG_ENABLE_OBJC_WEAK = YES;
				CLANG_WARN_BLOCK_CAPTURE_AUTORELEASING = YES;
				CLANG_WARN_BOOL_CONVERSION = YES;
				CLANG_WARN_COMMA = YES;
				CLANG_WARN_CONSTANT_CONVERSION = YES;
				CLANG_WARN_DEPRECATED_OBJC_IMPLEMENTATIONS = YES;
				CLANG_WARN_DIRECT_OBJC_ISA_USAGE = YES_ERROR;
				CLANG_WARN_DOCUMENTATION_COMMENTS = YES;
				CLANG_WARN_EMPTY_BODY = YES;
				CLANG_WARN_ENUM_CONVERSION = YES;
				CLANG_WARN_INFINITE_RECURSION = YES;
				CLANG_WARN_INT_CONVERSION = YES;
				CLANG_WARN_NON_LITERAL_NULL_CONVERSION = YES;
				CLANG_WARN_OBJC_IMPLICIT_RETAIN_SELF = YES;
				CLANG_WARN_OBJC_LITERAL_CONVERSION = YES;
				CLANG_WARN_OBJC_ROOT_CLASS = YES_ERROR;
				CLANG_WARN_QUOTED_INCLUDE_IN_FRAMEWORK_HEADER = YES;
				CLANG_WARN_RANGE_LOOP_ANALYSIS = YES;
				CLANG_WARN_STRICT_PROTOTYPES = YES;
				CLANG_WARN_SUSPICIOUS_MOVE = YES;
				CLANG_WARN_UNGUARDED_AVAILABILITY = YES_AGGRESSIVE;
				CLANG_WARN_UNREACHABLE_CODE = YES;
				CLANG_WARN__DUPLICATE_METHOD_MATCH = YES;
				COPY_PHASE_STRIP = NO;
				DEBUG_INFORMATION_FORMAT = dwarf;
				ENABLE_STRICT_OBJC_MSGSEND = YES;
				ENABLE_TESTABILITY = YES;
				GCC_C_LANGUAGE_STANDARD = gnu11;
				GCC_DYNAMIC_NO_PIC = NO;
				GCC_NO_COMMON_BLOCKS = YES;
				GCC_OPTIMIZATION_LEVEL = 0;
				GCC_PREPROCESSOR_DEFINITIONS = (
					"DEBUG=1",
					"$(inherited)",
				);
				GCC_WARN_64_TO_32_BIT_CONVERSION = YES;
				GCC_WARN_ABOUT_RETURN_TYPE = YES_ERROR;
				GCC_WARN_UNDECLARED_SELECTOR = YES;
				GCC_WARN_UNINITIALIZED_AUTOS = YES_AGGRESSIVE;
				GCC_WARN_UNUSED_FUNCTION = YES;
				GCC_WARN_UNUSED_VARIABLE = YES;
				IPHONEOS_DEPLOYMENT_TARGET = 16.1;
				MTL_ENABLE_DEBUG_INFO = INCLUDE_SOURCE;
				MTL_FAST_MATH = YES;
				ONLY_ACTIVE_ARCH = YES;
				SDKROOT = iphoneos;
				SWIFT_ACTIVE_COMPILATION_CONDITIONS = DEBUG;
				SWIFT_OPTIMIZATION_LEVEL = "-Onone";
			};
			name = Debug;
		};
		042EBAE7294E40E200731DAA /* Release */ = {
			isa = XCBuildConfiguration;
			buildSettings = {
				ALWAYS_SEARCH_USER_PATHS = NO;
				CLANG_ANALYZER_NONNULL = YES;
				CLANG_ANALYZER_NUMBER_OBJECT_CONVERSION = YES_AGGRESSIVE;
				CLANG_CXX_LANGUAGE_STANDARD = "gnu++20";
				CLANG_ENABLE_MODULES = YES;
				CLANG_ENABLE_OBJC_ARC = YES;
				CLANG_ENABLE_OBJC_WEAK = YES;
				CLANG_WARN_BLOCK_CAPTURE_AUTORELEASING = YES;
				CLANG_WARN_BOOL_CONVERSION = YES;
				CLANG_WARN_COMMA = YES;
				CLANG_WARN_CONSTANT_CONVERSION = YES;
				CLANG_WARN_DEPRECATED_OBJC_IMPLEMENTATIONS = YES;
				CLANG_WARN_DIRECT_OBJC_ISA_USAGE = YES_ERROR;
				CLANG_WARN_DOCUMENTATION_COMMENTS = YES;
				CLANG_WARN_EMPTY_BODY = YES;
				CLANG_WARN_ENUM_CONVERSION = YES;
				CLANG_WARN_INFINITE_RECURSION = YES;
				CLANG_WARN_INT_CONVERSION = YES;
				CLANG_WARN_NON_LITERAL_NULL_CONVERSION = YES;
				CLANG_WARN_OBJC_IMPLICIT_RETAIN_SELF = YES;
				CLANG_WARN_OBJC_LITERAL_CONVERSION = YES;
				CLANG_WARN_OBJC_ROOT_CLASS = YES_ERROR;
				CLANG_WARN_QUOTED_INCLUDE_IN_FRAMEWORK_HEADER = YES;
				CLANG_WARN_RANGE_LOOP_ANALYSIS = YES;
				CLANG_WARN_STRICT_PROTOTYPES = YES;
				CLANG_WARN_SUSPICIOUS_MOVE = YES;
				CLANG_WARN_UNGUARDED_AVAILABILITY = YES_AGGRESSIVE;
				CLANG_WARN_UNREACHABLE_CODE = YES;
				CLANG_WARN__DUPLICATE_METHOD_MATCH = YES;
				COPY_PHASE_STRIP = NO;
				DEBUG_INFORMATION_FORMAT = "dwarf-with-dsym";
				ENABLE_NS_ASSERTIONS = NO;
				ENABLE_STRICT_OBJC_MSGSEND = YES;
				GCC_C_LANGUAGE_STANDARD = gnu11;
				GCC_NO_COMMON_BLOCKS = YES;
				GCC_WARN_64_TO_32_BIT_CONVERSION = YES;
				GCC_WARN_ABOUT_RETURN_TYPE = YES_ERROR;
				GCC_WARN_UNDECLARED_SELECTOR = YES;
				GCC_WARN_UNINITIALIZED_AUTOS = YES_AGGRESSIVE;
				GCC_WARN_UNUSED_FUNCTION = YES;
				GCC_WARN_UNUSED_VARIABLE = YES;
				IPHONEOS_DEPLOYMENT_TARGET = 16.1;
				MTL_ENABLE_DEBUG_INFO = NO;
				MTL_FAST_MATH = YES;
				SDKROOT = iphoneos;
				SWIFT_COMPILATION_MODE = wholemodule;
				SWIFT_OPTIMIZATION_LEVEL = "-O";
				VALIDATE_PRODUCT = YES;
			};
			name = Release;
		};
		042EBAE9294E40E200731DAA /* Debug */ = {
			isa = XCBuildConfiguration;
			buildSettings = {
				ASSETCATALOG_COMPILER_APPICON_NAME = AppIcon;
				ASSETCATALOG_COMPILER_GLOBAL_ACCENT_COLOR_NAME = AccentColor;
				CODE_SIGN_STYLE = Automatic;
				CURRENT_PROJECT_VERSION = 1;
				DEVELOPMENT_TEAM = Y6KM2TQ2K4;
				GENERATE_INFOPLIST_FILE = YES;
				INFOPLIST_FILE = "17.12 vazifa/Info.plist";
				INFOPLIST_KEY_UIApplicationSupportsIndirectInputEvents = YES;
				INFOPLIST_KEY_UILaunchStoryboardName = LaunchScreen;
				INFOPLIST_KEY_UIMainStoryboardFile = Main;
				INFOPLIST_KEY_UISupportedInterfaceOrientations_iPad = "UIInterfaceOrientationPortrait UIInterfaceOrientationPortraitUpsideDown UIInterfaceOrientationLandscapeLeft UIInterfaceOrientationLandscapeRight";
				INFOPLIST_KEY_UISupportedInterfaceOrientations_iPhone = "UIInterfaceOrientationPortrait UIInterfaceOrientationLandscapeLeft UIInterfaceOrientationLandscapeRight";
				LD_RUNPATH_SEARCH_PATHS = (
					"$(inherited)",
					"@executable_path/Frameworks",
				);
				MARKETING_VERSION = 1.0;
				PRODUCT_BUNDLE_IDENTIFIER = "isroil.-7-12-vazifa";
				PRODUCT_NAME = "$(TARGET_NAME)";
				SWIFT_EMIT_LOC_STRINGS = YES;
				SWIFT_VERSION = 5.0;
				TARGETED_DEVICE_FAMILY = "1,2";
			};
			name = Debug;
		};
		042EBAEA294E40E200731DAA /* Release */ = {
			isa = XCBuildConfiguration;
			buildSettings = {
				ASSETCATALOG_COMPILER_APPICON_NAME = AppIcon;
				ASSETCATALOG_COMPILER_GLOBAL_ACCENT_COLOR_NAME = AccentColor;
				CODE_SIGN_STYLE = Automatic;
				CURRENT_PROJECT_VERSION = 1;
				DEVELOPMENT_TEAM = Y6KM2TQ2K4;
				GENERATE_INFOPLIST_FILE = YES;
				INFOPLIST_FILE = "17.12 vazifa/Info.plist";
				INFOPLIST_KEY_UIApplicationSupportsIndirectInputEvents = YES;
				INFOPLIST_KEY_UILaunchStoryboardName = LaunchScreen;
				INFOPLIST_KEY_UIMainStoryboardFile = Main;
				INFOPLIST_KEY_UISupportedInterfaceOrientations_iPad = "UIInterfaceOrientationPortrait UIInterfaceOrientationPortraitUpsideDown UIInterfaceOrientationLandscapeLeft UIInterfaceOrientationLandscapeRight";
				INFOPLIST_KEY_UISupportedInterfaceOrientations_iPhone = "UIInterfaceOrientationPortrait UIInterfaceOrientationLandscapeLeft UIInterfaceOrientationLandscapeRight";
				LD_RUNPATH_SEARCH_PATHS = (
					"$(inherited)",
					"@executable_path/Frameworks",
				);
				MARKETING_VERSION = 1.0;
				PRODUCT_BUNDLE_IDENTIFIER = "isroil.-7-12-vazifa";
				PRODUCT_NAME = "$(TARGET_NAME)";
				SWIFT_EMIT_LOC_STRINGS = YES;
				SWIFT_VERSION = 5.0;
				TARGETED_DEVICE_FAMILY = "1,2";
			};
			name = Release;
		};
/* End XCBuildConfiguration section */

/* Begin XCConfigurationList section */
		042EBACF294E40DC00731DAA /* Build configuration list for PBXProject "17.12 vazifa" */ = {
			isa = XCConfigurationList;
			buildConfigurations = (
				042EBAE6294E40E200731DAA /* Debug */,
				042EBAE7294E40E200731DAA /* Release */,
			);
			defaultConfigurationIsVisible = 0;
			defaultConfigurationName = Release;
		};
		042EBAE8294E40E200731DAA /* Build configuration list for PBXNativeTarget "17.12 vazifa" */ = {
			isa = XCConfigurationList;
			buildConfigurations = (
				042EBAE9294E40E200731DAA /* Debug */,
				042EBAEA294E40E200731DAA /* Release */,
			);
			defaultConfigurationIsVisible = 0;
			defaultConfigurationName = Release;
		};
/* End XCConfigurationList section */
	};
	rootObject = 042EBACC294E40DC00731DAA /* Project object */;
}
